
Microsoft Visual Studio Solution File, Format Version 12.00
# Visual Studio Version 17
VisualStudioVersion = 17.5.002.0
MinimumVisualStudioVersion = 10.0.40219.1
Project("{9A19103F-16F7-4668-BE54-9A1E7A4F7556}") = "Lector de cadenas", "Lector de cadenas.csproj", "{6BD337A2-40F7-4B40-910E-6CC1492457A1}"
EndProject
Global
	GlobalSection(SolutionConfigurationPlatforms) = preSolution
		Debug|Any CPU = Debug|Any CPU
		Release|Any CPU = Release|Any CPU
	EndGlobalSection
	GlobalSection(ProjectConfigurationPlatforms) = postSolution
		{6BD337A2-40F7-4B40-910E-6CC1492457A1}.Debug|Any CPU.ActiveCfg = Debug|Any CPU
		{6BD337A2-40F7-4B40-910E-6CC1492457A1}.Debug|Any CPU.Build.0 = Debug|Any CPU
		{6BD337A2-40F7-4B40-910E-6CC1492457A1}.Release|Any CPU.ActiveCfg = Release|Any CPU
		{6BD337A2-40F7-4B40-910E-6CC1492457A1}.Release|Any CPU.Build.0 = Release|Any CPU
	EndGlobalSection
	GlobalSection(SolutionProperties) = preSolution
		HideSolutionNode = FALSE
	EndGlobalSection
	GlobalSection(ExtensibilityGlobals) = postSolution
		SolutionGuid = {5E8C852A-2B68-4381-AFD3-CBAF7FC609E5}
	EndGlobalSection
EndGlobal
